// !$*UTF8*$!
{
	archiveVersion = 1;
	classes = {
	};
	objectVersion = 56;
	objects = {

/* Begin PBXBuildFile section */
		C13D43FE2AA7C8C0004D8954 /* CounterCard.swift in Sources */ = {isa = PBXBuildFile; fileRef = C13D43FD2AA7C8C0004D8954 /* CounterCard.swift */; };
		C1C6E5322AA62A4F00C5894D /* AppDelegate.swift in Sources */ = {isa = PBXBuildFile; fileRef = C1C6E5312AA62A4F00C5894D /* AppDelegate.swift */; };
		C1C6E5342AA62A4F00C5894D /* SceneDelegate.swift in Sources */ = {isa = PBXBuildFile; fileRef = C1C6E5332AA62A4F00C5894D /* SceneDelegate.swift */; };
		C1C6E5362AA62A4F00C5894D /* ViewController.swift in Sources */ = {isa = PBXBuildFile; fileRef = C1C6E5352AA62A4F00C5894D /* ViewController.swift */; };
		C1C6E5392AA62A4F00C5894D /* Main.storyboard in Resources */ = {isa = PBXBuildFile; fileRef = C1C6E5372AA62A4F00C5894D /* Main.storyboard */; };
		C1C6E53C2AA62A4F00C5894D /* CountDownApp.xcdatamodeld in Sources */ = {isa = PBXBuildFile; fileRef = C1C6E53A2AA62A4F00C5894D /* CountDownApp.xcdatamodeld */; };
		C1C6E53E2AA62A5200C5894D /* Assets.xcassets in Resources */ = {isa = PBXBuildFile; fileRef = C1C6E53D2AA62A5200C5894D /* Assets.xcassets */; };
		C1C6E5412AA62A5200C5894D /* LaunchScreen.storyboard in Resources */ = {isa = PBXBuildFile; fileRef = C1C6E53F2AA62A5200C5894D /* LaunchScreen.storyboard */; };
		C1C703CE2AAA5D08007AD752 /* DemoTableViewCell.swift in Sources */ = {isa = PBXBuildFile; fileRef = C1C703CC2AAA5D08007AD752 /* DemoTableViewCell.swift */; };
		C1C703CF2AAA5D08007AD752 /* DemoTableViewCell.xib in Resources */ = {isa = PBXBuildFile; fileRef = C1C703CD2AAA5D08007AD752 /* DemoTableViewCell.xib */; };
/* End PBXBuildFile section */

/* Begin PBXFileReference section */
		C13D43FD2AA7C8C0004D8954 /* CounterCard.swift */ = {isa = PBXFileReference; lastKnownFileType = sourcecode.swift; path = CounterCard.swift; sourceTree = "<group>"; };
		C1C6E52E2AA62A4F00C5894D /* CountDownApp.app */ = {isa = PBXFileReference; explicitFileType = wrapper.application; includeInIndex = 0; path = CountDownApp.app; sourceTree = BUILT_PRODUCTS_DIR; };
		C1C6E5312AA62A4F00C5894D /* AppDelegate.swift */ = {isa = PBXFileReference; lastKnownFileType = sourcecode.swift; path = AppDelegate.swift; sourceTree = "<group>"; };
		C1C6E5332AA62A4F00C5894D /* SceneDelegate.swift */ = {isa = PBXFileReference; lastKnownFileType = sourcecode.swift; path = SceneDelegate.swift; sourceTree = "<group>"; };
		C1C6E5352AA62A4F00C5894D /* ViewController.swift */ = {isa = PBXFileReference; lastKnownFileType = sourcecode.swift; path = ViewController.swift; sourceTree = "<group>"; };
		C1C6E5382AA62A4F00C5894D /* Base */ = {isa = PBXFileReference; lastKnownFileType = file.storyboard; name = Base; path = Base.lproj/Main.storyboard; sourceTree = "<group>"; };
		C1C6E53B2AA62A4F00C5894D /* CountDownApp.xcdatamodel */ = {isa = PBXFileReference; lastKnownFileType = wrapper.xcdatamodel; path = CountDownApp.xcdatamodel; sourceTree = "<group>"; };
		C1C6E53D2AA62A5200C5894D /* Assets.xcassets */ = {isa = PBXFileReference; lastKnownFileType = folder.assetcatalog; path = Assets.xcassets; sourceTree = "<group>"; };
		C1C6E5402AA62A5200C5894D /* Base */ = {isa = PBXFileReference; lastKnownFileType = file.storyboard; name = Base; path = Base.lproj/LaunchScreen.storyboard; sourceTree = "<group>"; };
		C1C6E5422AA62A5200C5894D /* Info.plist */ = {isa = PBXFileReference; lastKnownFileType = text.plist.xml; path = Info.plist; sourceTree = "<group>"; };
		C1C703CC2AAA5D08007AD752 /* DemoTableViewCell.swift */ = {isa = PBXFileReference; lastKnownFileType = sourcecode.swift; path = DemoTableViewCell.swift; sourceTree = "<group>"; };
		C1C703CD2AAA5D08007AD752 /* DemoTableViewCell.xib */ = {isa = PBXFileReference; lastKnownFileType = file.xib; path = DemoTableViewCell.xib; sourceTree = "<group>"; };
/* End PBXFileReference section */

/* Begin PBXFrameworksBuildPhase section */
		C1C6E52B2AA62A4F00C5894D /* Frameworks */ = {
			isa = PBXFrameworksBuildPhase;
			buildActionMask = 2147483647;
			files = (
			);
			runOnlyForDeploymentPostprocessing = 0;
		};
/* End PBXFrameworksBuildPhase section */

/* Begin PBXGroup section */
		C1C6E5252AA62A4F00C5894D = {
			isa = PBXGroup;
			children = (
				C1C6E5302AA62A4F00C5894D /* CountDownApp */,
				C1C6E52F2AA62A4F00C5894D /* Products */,
			);
			sourceTree = "<group>";
		};
		C1C6E52F2AA62A4F00C5894D /* Products */ = {
			isa = PBXGroup;
			children = (
				C1C6E52E2AA62A4F00C5894D /* CountDownApp.app */,
			);
			name = Products;
			sourceTree = "<group>";
		};
		C1C6E5302AA62A4F00C5894D /* CountDownApp */ = {
			isa = PBXGroup;
			children = (
				C1C6E5312AA62A4F00C5894D /* AppDelegate.swift */,
				C1C6E5332AA62A4F00C5894D /* SceneDelegate.swift */,
				C13D43FD2AA7C8C0004D8954 /* CounterCard.swift */,
				C1C6E5352AA62A4F00C5894D /* ViewController.swift */,
				C1C6E5372AA62A4F00C5894D /* Main.storyboard */,
				C1C6E53D2AA62A5200C5894D /* Assets.xcassets */,
				C1C6E53F2AA62A5200C5894D /* LaunchScreen.storyboard */,
				C1C6E5422AA62A5200C5894D /* Info.plist */,
				C1C6E53A2AA62A4F00C5894D /* CountDownApp.xcdatamodeld */,
				C1C703CC2AAA5D08007AD752 /* DemoTableViewCell.swift */,
				C1C703CD2AAA5D08007AD752 /* DemoTableViewCell.xib */,
			);
			path = CountDownApp;
			sourceTree = "<group>";
		};
/* End PBXGroup section */

/* Begin PBXNativeTarget section */
		C1C6E52D2AA62A4F00C5894D /* CountDownApp */ = {
			isa = PBXNativeTarget;
			buildConfigurationList = C1C6E5452AA62A5200C5894D /* Build configuration list for PBXNativeTarget "CountDownApp" */;
			buildPhases = (
				C1C6E52A2AA62A4F00C5894D /* Sources */,
				C1C6E52B2AA62A4F00C5894D /* Frameworks */,
				C1C6E52C2AA62A4F00C5894D /* Resources */,
			);
			buildRules = (
			);
			dependencies = (
			);
			name = CountDownApp;
			productName = CountDownApp;
			productReference = C1C6E52E2AA62A4F00C5894D /* CountDownApp.app */;
			productType = "com.apple.product-type.application";
		};
/* End PBXNativeTarget section */

/* Begin PBXProject section */
		C1C6E5262AA62A4F00C5894D /* Project object */ = {
			isa = PBXProject;
			attributes = {
				BuildIndependentTargetsInParallel = 1;
				LastSwiftUpdateCheck = 1410;
				LastUpgradeCheck = 1410;
				TargetAttributes = {
					C1C6E52D2AA62A4F00C5894D = {
						CreatedOnToolsVersion = 14.1;
					};
				};
			};
			buildConfigurationList = C1C6E5292AA62A4F00C5894D /* Build configuration list for PBXProject "CountDownApp" */;
			compatibilityVersion = "Xcode 14.0";
			developmentRegion = en;
			hasScannedForEncodings = 0;
			knownRegions = (
				en,
				Base,
			);
			mainGroup = C1C6E5252AA62A4F00C5894D;
			productRefGroup = C1C6E52F2AA62A4F00C5894D /* Products */;
			projectDirPath = "";
			projectRoot = "";
			targets = (
				C1C6E52D2AA62A4F00C5894D /* CountDownApp */,
			);
		};
/* End PBXProject section */

/* Begin PBXResourcesBuildPhase section */
		C1C6E52C2AA62A4F00C5894D /* Resources */ = {
			isa = PBXResourcesBuildPhase;
			buildActionMask = 2147483647;
			files = (
				C1C6E5412AA62A5200C5894D /* LaunchScreen.storyboard in Resources */,
				C1C6E53E2AA62A5200C5894D /* Assets.xcassets in Resources */,
				C1C703CF2AAA5D08007AD752 /* DemoTableViewCell.xib in Resources */,
				C1C6E5392AA62A4F00C5894D /* Main.storyboard in Resources */,
			);
			runOnlyForDeploymentPostprocessing = 0;
		};
/* End PBXResourcesBuildPhase section */

/* Begin PBXSourcesBuildPhase section */
		C1C6E52A2AA62A4F00C5894D /* Sources */ = {
			isa = PBXSourcesBuildPhase;
			buildActionMask = 2147483647;
			files = (
				C1C703CE2AAA5D08007AD752 /* DemoTableViewCell.swift in Sources */,
				C13D43FE2AA7C8C0004D8954 /* CounterCard.swift in Sources */,
				C1C6E5362AA62A4F00C5894D /* ViewController.swift in Sources */,
				C1C6E5322AA62A4F00C5894D /* AppDelegate.swift in Sources */,
				C1C6E5342AA62A4F00C5894D /* SceneDelegate.swift in Sources */,
				C1C6E53C2AA62A4F00C5894D /* CountDownApp.xcdatamodeld in Sources */,
			);
			runOnlyForDeploymentPostprocessing = 0;
		};
/* End PBXSourcesBuildPhase section */

/* Begin PBXVariantGroup section */
		C1C6E5372AA62A4F00C5894D /* Main.storyboard */ = {
			isa = PBXVariantGroup;
			children = (
				C1C6E5382AA62A4F00C5894D /* Base */,
			);
			name = Main.storyboard;
			sourceTree = "<group>";
		};
		C1C6E53F2AA62A5200C5894D /* LaunchScreen.storyboard */ = {
			isa = PBXVariantGroup;
			children = (
				C1C6E5402AA62A5200C5894D /* Base */,
			);
			name = LaunchScreen.storyboard;
			sourceTree = "<group>";
		};
/* End PBXVariantGroup section */

/* Begin XCBuildConfiguration section */
		C1C6E5432AA62A5200C5894D /* Debug */ = {
			isa = XCBuildConfiguration;
			buildSettings = {
				ALWAYS_SEARCH_USER_PATHS = NO;
				CLANG_ANALYZER_NONNULL = YES;
				CLANG_ANALYZER_NUMBER_OBJECT_CONVERSION = YES_AGGRESSIVE;
				CLANG_CXX_LANGUAGE_STANDARD = "gnu++20";
				CLANG_ENABLE_MODULES = YES;
				CLANG_ENABLE_OBJC_ARC = YES;
				CLANG_ENABLE_OBJC_WEAK = YES;
				CLANG_WARN_BLOCK_CAPTURE_AUTORELEASING = YES;
				CLANG_WARN_BOOL_CONVERSION = YES;
				CLANG_WARN_COMMA = YES;
				CLANG_WARN_CONSTANT_CONVERSION = YES;
				CLANG_WARN_DEPRECATED_OBJC_IMPLEMENTATIONS = YES;
				CLANG_WARN_DIRECT_OBJC_ISA_USAGE = YES_ERROR;
				CLANG_WARN_DOCUMENTATION_COMMENTS = YES;
				CLANG_WARN_EMPTY_BODY = YES;
				CLANG_WARN_ENUM_CONVERSION = YES;
				CLANG_WARN_INFINITE_RECURSION = YES;
				CLANG_WARN_INT_CONVERSION = YES;
				CLANG_WARN_NON_LITERAL_NULL_CONVERSION = YES;
				CLANG_WARN_OBJC_IMPLICIT_RETAIN_SELF = YES;
				CLANG_WARN_OBJC_LITERAL_CONVERSION = YES;
				CLANG_WARN_OBJC_ROOT_CLASS = YES_ERROR;
				CLANG_WARN_QUOTED_INCLUDE_IN_FRAMEWORK_HEADER = YES;
				CLANG_WARN_RANGE_LOOP_ANALYSIS = YES;
				CLANG_WARN_STRICT_PROTOTYPES = YES;
				CLANG_WARN_SUSPICIOUS_MOVE = YES;
				CLANG_WARN_UNGUARDED_AVAILABILITY = YES_AGGRESSIVE;
				CLANG_WARN_UNREACHABLE_CODE = YES;
				CLANG_WARN__DUPLICATE_METHOD_MATCH = YES;
				COPY_PHASE_STRIP = NO;
				DEBUG_INFORMATION_FORMAT = dwarf;
				ENABLE_STRICT_OBJC_MSGSEND = YES;
				ENABLE_TESTABILITY = YES;
				GCC_C_LANGUAGE_STANDARD = gnu11;
				GCC_DYNAMIC_NO_PIC = NO;
				GCC_NO_COMMON_BLOCKS = YES;
				GCC_OPTIMIZATION_LEVEL = 0;
				GCC_PREPROCESSOR_DEFINITIONS = (
					"DEBUG=1",
					"$(inherited)",
				);
				GCC_WARN_64_TO_32_BIT_CONVERSION = YES;
				GCC_WARN_ABOUT_RETURN_TYPE = YES_ERROR;
				GCC_WARN_UNDECLARED_SELECTOR = YES;
				GCC_WARN_UNINITIALIZED_AUTOS = YES_AGGRESSIVE;
				GCC_WARN_UNUSED_FUNCTION = YES;
				GCC_WARN_UNUSED_VARIABLE = YES;
				IPHONEOS_DEPLOYMENT_TARGET = 16.1;
				MTL_ENABLE_DEBUG_INFO = INCLUDE_SOURCE;
				MTL_FAST_MATH = YES;
				ONLY_ACTIVE_ARCH = YES;
				SDKROOT = iphoneos;
				SWIFT_ACTIVE_COMPILATION_CONDITIONS = DEBUG;
				SWIFT_OPTIMIZATION_LEVEL = "-Onone";
			};
			name = Debug;
		};
		C1C6E5442AA62A5200C5894D /* Release */ = {
			isa = XCBuildConfiguration;
			buildSettings = {
				ALWAYS_SEARCH_USER_PATHS = NO;
				CLANG_ANALYZER_NONNULL = YES;
				CLANG_ANALYZER_NUMBER_OBJECT_CONVERSION = YES_AGGRESSIVE;
				CLANG_CXX_LANGUAGE_STANDARD = "gnu++20";
				CLANG_ENABLE_MODULES = YES;
				CLANG_ENABLE_OBJC_ARC = YES;
				CLANG_ENABLE_OBJC_WEAK = YES;
				CLANG_WARN_BLOCK_CAPTURE_AUTORELEASING = YES;
				CLANG_WARN_BOOL_CONVERSION = YES;
				CLANG_WARN_COMMA = YES;
				CLANG_WARN_CONSTANT_CONVERSION = YES;
				CLANG_WARN_DEPRECATED_OBJC_IMPLEMENTATIONS = YES;
				CLANG_WARN_DIRECT_OBJC_ISA_USAGE = YES_ERROR;
				CLANG_WARN_DOCUMENTATION_COMMENTS = YES;
				CLANG_WARN_EMPTY_BODY = YES;
				CLANG_WARN_ENUM_CONVERSION = YES;
				CLANG_WARN_INFINITE_RECURSION = YES;
				CLANG_WARN_INT_CONVERSION = YES;
				CLANG_WARN_NON_LITERAL_NULL_CONVERSION = YES;
				CLANG_WARN_OBJC_IMPLICIT_RETAIN_SELF = YES;
				CLANG_WARN_OBJC_LITERAL_CONVERSION = YES;
				CLANG_WARN_OBJC_ROOT_CLASS = YES_ERROR;
				CLANG_WARN_QUOTED_INCLUDE_IN_FRAMEWORK_HEADER = YES;
				CLANG_WARN_RANGE_LOOP_ANALYSIS = YES;
				CLANG_WARN_STRICT_PROTOTYPES = YES;
				CLANG_WARN_SUSPICIOUS_MOVE = YES;
				CLANG_WARN_UNGUARDED_AVAILABILITY = YES_AGGRESSIVE;
				CLANG_WARN_UNREACHABLE_CODE = YES;
				CLANG_WARN__DUPLICATE_METHOD_MATCH = YES;
				COPY_PHASE_STRIP = NO;
				DEBUG_INFORMATION_FORMAT = "dwarf-with-dsym";
				ENABLE_NS_ASSERTIONS = NO;
				ENABLE_STRICT_OBJC_MSGSEND = YES;
				GCC_C_LANGUAGE_STANDARD = gnu11;
				GCC_NO_COMMON_BLOCKS = YES;
				GCC_WARN_64_TO_32_BIT_CONVERSION = YES;
				GCC_WARN_ABOUT_RETURN_TYPE = YES_ERROR;
				GCC_WARN_UNDECLARED_SELECTOR = YES;
				GCC_WARN_UNINITIALIZED_AUTOS = YES_AGGRESSIVE;
				GCC_WARN_UNUSED_FUNCTION = YES;
				GCC_WARN_UNUSED_VARIABLE = YES;
				IPHONEOS_DEPLOYMENT_TARGET = 16.1;
				MTL_ENABLE_DEBUG_INFO = NO;
				MTL_FAST_MATH = YES;
				SDKROOT = iphoneos;
				SWIFT_COMPILATION_MODE = wholemodule;
				SWIFT_OPTIMIZATION_LEVEL = "-O";
				VALIDATE_PRODUCT = YES;
			};
			name = Release;
		};
		C1C6E5462AA62A5200C5894D /* Debug */ = {
			isa = XCBuildConfiguration;
			buildSettings = {
				ASSETCATALOG_COMPILER_APPICON_NAME = AppIcon;
				ASSETCATALOG_COMPILER_GLOBAL_ACCENT_COLOR_NAME = AccentColor;
				CODE_SIGN_STYLE = Automatic;
				CURRENT_PROJECT_VERSION = 1;
				DEVELOPMENT_TEAM = NX5WVK23N8;
				GENERATE_INFOPLIST_FILE = YES;
				INFOPLIST_FILE = CountDownApp/Info.plist;
				INFOPLIST_KEY_UIApplicationSupportsIndirectInputEvents = YES;
				INFOPLIST_KEY_UILaunchStoryboardName = LaunchScreen;
				INFOPLIST_KEY_UIMainStoryboardFile = Main;
				INFOPLIST_KEY_UISupportedInterfaceOrientations_iPad = "UIInterfaceOrientationPortrait UIInterfaceOrientationPortraitUpsideDown UIInterfaceOrientationLandscapeLeft UIInterfaceOrientationLandscapeRight";
				INFOPLIST_KEY_UISupportedInterfaceOrientations_iPhone = "UIInterfaceOrientationPortrait UIInterfaceOrientationLandscapeLeft UIInterfaceOrientationLandscapeRight";
				LD_RUNPATH_SEARCH_PATHS = (
					"$(inherited)",
					"@executable_path/Frameworks",
				);
				MARKETING_VERSION = 1.0;
				PRODUCT_BUNDLE_IDENTIFIER = com.yigithansonmez.CountDownApp;
				PRODUCT_NAME = "$(TARGET_NAME)";
				SWIFT_EMIT_LOC_STRINGS = YES;
				SWIFT_VERSION = 5.0;
				TARGETED_DEVICE_FAMILY = "1,2";
			};
			name = Debug;
		};
		C1C6E5472AA62A5200C5894D /* Release */ = {
			isa = XCBuildConfiguration;
			buildSettings = {
				ASSETCATALOG_COMPILER_APPICON_NAME = AppIcon;
				ASSETCATALOG_COMPILER_GLOBAL_ACCENT_COLOR_NAME = AccentColor;
				CODE_SIGN_STYLE = Automatic;
				CURRENT_PROJECT_VERSION = 1;
				DEVELOPMENT_TEAM = NX5WVK23N8;
				GENERATE_INFOPLIST_FILE = YES;
				INFOPLIST_FILE = CountDownApp/Info.plist;
				INFOPLIST_KEY_UIApplicationSupportsIndirectInputEvents = YES;
				INFOPLIST_KEY_UILaunchStoryboardName = LaunchScreen;
				INFOPLIST_KEY_UIMainStoryboardFile = Main;
				INFOPLIST_KEY_UISupportedInterfaceOrientations_iPad = "UIInterfaceOrientationPortrait UIInterfaceOrientationPortraitUpsideDown UIInterfaceOrientationLandscapeLeft UIInterfaceOrientationLandscapeRight";
				INFOPLIST_KEY_UISupportedInterfaceOrientations_iPhone = "UIInterfaceOrientationPortrait UIInterfaceOrientationLandscapeLeft UIInterfaceOrientationLandscapeRight";
				LD_RUNPATH_SEARCH_PATHS = (
					"$(inherited)",
					"@executable_path/Frameworks",
				);
				MARKETING_VERSION = 1.0;
				PRODUCT_BUNDLE_IDENTIFIER = com.yigithansonmez.CountDownApp;
				PRODUCT_NAME = "$(TARGET_NAME)";
				SWIFT_EMIT_LOC_STRINGS = YES;
				SWIFT_VERSION = 5.0;
				TARGETED_DEVICE_FAMILY = "1,2";
			};
			name = Release;
		};
/* End XCBuildConfiguration section */

/* Begin XCConfigurationList section */
		C1C6E5292AA62A4F00C5894D /* Build configuration list for PBXProject "CountDownApp" */ = {
			isa = XCConfigurationList;
			buildConfigurations = (
				C1C6E5432AA62A5200C5894D /* Debug */,
				C1C6E5442AA62A5200C5894D /* Release */,
			);
			defaultConfigurationIsVisible = 0;
			defaultConfigurationName = Release;
		};
		C1C6E5452AA62A5200C5894D /* Build configuration list for PBXNativeTarget "CountDownApp" */ = {
			isa = XCConfigurationList;
			buildConfigurations = (
				C1C6E5462AA62A5200C5894D /* Debug */,
				C1C6E5472AA62A5200C5894D /* Release */,
			);
			defaultConfigurationIsVisible = 0;
			defaultConfigurationName = Release;
		};
/* End XCConfigurationList section */

/* Begin XCVersionGroup section */
		C1C6E53A2AA62A4F00C5894D /* CountDownApp.xcdatamodeld */ = {
			isa = XCVersionGroup;
			children = (
				C1C6E53B2AA62A4F00C5894D /* CountDownApp.xcdatamodel */,
			);
			currentVersion = C1C6E53B2AA62A4F00C5894D /* CountDownApp.xcdatamodel */;
			path = CountDownApp.xcdatamodeld;
			sourceTree = "<group>";
			versionGroupType = wrapper.xcdatamodel;
		};
/* End XCVersionGroup section */
	};
	rootObject = C1C6E5262AA62A4F00C5894D /* Project object */;
}
